# This file is generated by running "yarn install" inside your project.
# Manual changes might be lost - proceed with caution!

__metadata:
  version: 7
  cacheKey: 9

"@cspotcode/source-map-support@npm:^0.8.0":
  version: 0.8.1
  resolution: "@cspotcode/source-map-support@npm:0.8.1"
  dependencies:
    "@jridgewell/trace-mapping": "npm:0.3.9"
  checksum: 4327d8e6e4347897f5baf265c43ff094260a3ad7b53920fa07472aa18699ba7d570e5171082e88d19e4b5cce6f35cc1666b1c8ccb8b74d67e4f482395b8c511d
  languageName: node
  linkType: hard

"@jridgewell/resolve-uri@npm:^3.0.3":
  version: 3.1.1
  resolution: "@jridgewell/resolve-uri@npm:3.1.1"
  checksum: b3229d85678a8546e48580decab7666678ab7e1c470576e72bd07910b862642f700c802ff99c0166982fc7f6ad3571c0ce59901be38297b595c0c813cf79e9ce
  languageName: node
  linkType: hard

"@jridgewell/sourcemap-codec@npm:^1.4.10":
  version: 1.4.15
  resolution: "@jridgewell/sourcemap-codec@npm:1.4.15"
  checksum: b71b5eeb0af50fb1dbdf18e88aa5cf755baa30723f0d5fd2ac069f861d0c73b12b968321314e4db86d5a4d5d89a292211f68ba94767c620fee35247a94c05890
  languageName: node
  linkType: hard

"@jridgewell/trace-mapping@npm:0.3.9":
  version: 0.3.9
  resolution: "@jridgewell/trace-mapping@npm:0.3.9"
  dependencies:
    "@jridgewell/resolve-uri": "npm:^3.0.3"
    "@jridgewell/sourcemap-codec": "npm:^1.4.10"
  checksum: 542c5f0f0ae874121e9de649581f9619cc0c65e33292e1285f1233f5ff3e41e6f4f216d69a4c3f800b4d6db208ff6c710307e19e1ff170ed5304807e346e6cf9
  languageName: node
  linkType: hard

"@noble/curves@npm:1.1.0":
  version: 1.1.0
  resolution: "@noble/curves@npm:1.1.0"
  dependencies:
    "@noble/hashes": "npm:1.3.1"
  checksum: 87153bd4ec6cb58cfeba223933c7859d250613ba382421bd7d244280ef4ce08672f790750cd900f27d1dd09a650b3f736c08133fdd5c196587b8c461f86098be
  languageName: node
  linkType: hard

"@noble/hashes@npm:1.3.1":
  version: 1.3.1
  resolution: "@noble/hashes@npm:1.3.1"
  checksum: 69a6d561379bab638dd4608a6780c1f1ac3385505d7a1117040eb672d2633877bd6b06f45145ff915fe9196668c39863aee192f2cdfa546c013f4223e30bb108
  languageName: node
  linkType: hard

"@openzeppelin/contracts@npm:^4.9.2":
  version: 4.9.2
  resolution: "@openzeppelin/contracts@npm:4.9.2"
  checksum: 7f298de72125cf074153c97d01453968df0d456d80d188326a2527fb3784a9be7cb375956bdbf8b98bfb55261a9159ccfd0494f58d8455ff402254b1b22f3774
  languageName: node
  linkType: hard

"@polkadot/api-augment@npm:10.9.1":
  version: 10.9.1
  resolution: "@polkadot/api-augment@npm:10.9.1"
  dependencies:
    "@polkadot/api-base": "npm:10.9.1"
    "@polkadot/rpc-augment": "npm:10.9.1"
    "@polkadot/types": "npm:10.9.1"
    "@polkadot/types-augment": "npm:10.9.1"
    "@polkadot/types-codec": "npm:10.9.1"
    "@polkadot/util": "npm:^12.3.1"
    tslib: "npm:^2.5.3"
  checksum: 262e23b000bd0c3111ddca95b999fd795e727c94a18b61fd5b76d327bc385b87c2b7c8c320561afa102c8604c535fbad5f01e861b854d2394e93a98acabbfa90
  languageName: node
  linkType: hard

"@polkadot/api-base@npm:10.9.1":
  version: 10.9.1
  resolution: "@polkadot/api-base@npm:10.9.1"
  dependencies:
    "@polkadot/rpc-core": "npm:10.9.1"
    "@polkadot/types": "npm:10.9.1"
    "@polkadot/util": "npm:^12.3.1"
    rxjs: "npm:^7.8.1"
    tslib: "npm:^2.5.3"
  checksum: 66b65bf6f7c0d60987ab89c73c8190eb92c967f540d0a5d4c8b4b6f57b84bc6c7d5bf350b555acdbfee7f0201dfc5141dd80e7313399687309c3ef8638feb8a9
  languageName: node
  linkType: hard

"@polkadot/api-contract@npm:^10.9.1":
  version: 10.9.1
  resolution: "@polkadot/api-contract@npm:10.9.1"
  dependencies:
    "@polkadot/api": "npm:10.9.1"
    "@polkadot/api-augment": "npm:10.9.1"
    "@polkadot/types": "npm:10.9.1"
    "@polkadot/types-codec": "npm:10.9.1"
    "@polkadot/types-create": "npm:10.9.1"
    "@polkadot/util": "npm:^12.3.1"
    "@polkadot/util-crypto": "npm:^12.3.1"
    rxjs: "npm:^7.8.1"
    tslib: "npm:^2.5.3"
  checksum: 2704e3b7064f713a3ba975eedb3172d255657d37667a8a20fa2ed7c8f9b6891ace18724607cb7e8c2545a609afbe01d4f265e86913ddd887783f3d7472edba1d
  languageName: node
  linkType: hard

"@polkadot/api-derive@npm:10.9.1":
  version: 10.9.1
  resolution: "@polkadot/api-derive@npm:10.9.1"
  dependencies:
    "@polkadot/api": "npm:10.9.1"
    "@polkadot/api-augment": "npm:10.9.1"
    "@polkadot/api-base": "npm:10.9.1"
    "@polkadot/rpc-core": "npm:10.9.1"
    "@polkadot/types": "npm:10.9.1"
    "@polkadot/types-codec": "npm:10.9.1"
    "@polkadot/util": "npm:^12.3.1"
    "@polkadot/util-crypto": "npm:^12.3.1"
    rxjs: "npm:^7.8.1"
    tslib: "npm:^2.5.3"
  checksum: 9e70959d8e0d3bce71c0c81a6dfb0b86bbcad867d36d92336fc1b0c239a6e8b4571ed17bae1af2f92d4a1b7462e9936140789e195131c04f2783d054f98b45ea
  languageName: node
  linkType: hard

"@polkadot/api@npm:10.9.1, @polkadot/api@npm:^10.9.1":
  version: 10.9.1
  resolution: "@polkadot/api@npm:10.9.1"
  dependencies:
    "@polkadot/api-augment": "npm:10.9.1"
    "@polkadot/api-base": "npm:10.9.1"
    "@polkadot/api-derive": "npm:10.9.1"
    "@polkadot/keyring": "npm:^12.3.1"
    "@polkadot/rpc-augment": "npm:10.9.1"
    "@polkadot/rpc-core": "npm:10.9.1"
    "@polkadot/rpc-provider": "npm:10.9.1"
    "@polkadot/types": "npm:10.9.1"
    "@polkadot/types-augment": "npm:10.9.1"
    "@polkadot/types-codec": "npm:10.9.1"
    "@polkadot/types-create": "npm:10.9.1"
    "@polkadot/types-known": "npm:10.9.1"
    "@polkadot/util": "npm:^12.3.1"
    "@polkadot/util-crypto": "npm:^12.3.1"
    eventemitter3: "npm:^5.0.1"
    rxjs: "npm:^7.8.1"
    tslib: "npm:^2.5.3"
  checksum: 00ad36c417c9d97d4396ecb632441c56085cf9f636dd48fbb4261ecf066898f3e0b23b2056da9287d94e25ed2a2a97cce68cc17292906e26d73a863653864079
  languageName: node
  linkType: hard

"@polkadot/keyring@npm:^12.3.1, @polkadot/keyring@npm:^12.3.2":
  version: 12.3.2
  resolution: "@polkadot/keyring@npm:12.3.2"
  dependencies:
    "@polkadot/util": "npm:12.3.2"
    "@polkadot/util-crypto": "npm:12.3.2"
    tslib: "npm:^2.5.3"
  peerDependencies:
    "@polkadot/util": 12.3.2
    "@polkadot/util-crypto": 12.3.2
  checksum: 66289bec3239feb174c12245037370c3103e19144c1931802a6c21a58c4856c8f0318082ea19eb4b1c9b4adbd980b2f41b2da0793fba88327ee956c67cdbf509
  languageName: node
  linkType: hard

"@polkadot/networks@npm:12.3.2, @polkadot/networks@npm:^12.3.1":
  version: 12.3.2
  resolution: "@polkadot/networks@npm:12.3.2"
  dependencies:
    "@polkadot/util": "npm:12.3.2"
    "@substrate/ss58-registry": "npm:^1.40.0"
    tslib: "npm:^2.5.3"
  checksum: 9f97a3b54483dc6dd44be3cde69ff941ec5ad4615a4814c758f4ab3e94748374e33dc125321beb322d61032a6f5ce0ef743f5c8c03c2f8a9d374c6f872b2b587
  languageName: node
  linkType: hard

"@polkadot/rpc-augment@npm:10.9.1":
  version: 10.9.1
  resolution: "@polkadot/rpc-augment@npm:10.9.1"
  dependencies:
    "@polkadot/rpc-core": "npm:10.9.1"
    "@polkadot/types": "npm:10.9.1"
    "@polkadot/types-codec": "npm:10.9.1"
    "@polkadot/util": "npm:^12.3.1"
    tslib: "npm:^2.5.3"
  checksum: 0a12517ba50767c04eba8162a440cb473bfa318f91d862b05ca2bb0190cec13a40aad6095d77a7baef3f845e7ca5e7fe0728fa55ff7f2c0e73deb661b7a98aa0
  languageName: node
  linkType: hard

"@polkadot/rpc-core@npm:10.9.1":
  version: 10.9.1
  resolution: "@polkadot/rpc-core@npm:10.9.1"
  dependencies:
    "@polkadot/rpc-augment": "npm:10.9.1"
    "@polkadot/rpc-provider": "npm:10.9.1"
    "@polkadot/types": "npm:10.9.1"
    "@polkadot/util": "npm:^12.3.1"
    rxjs: "npm:^7.8.1"
    tslib: "npm:^2.5.3"
  checksum: 4b4cfd2f2d8e546dd844c69064cb2456baa9e0dafcb5fb2e46160172fda3ec26be921fb5644d30b69a62541ff9acbeb97b913c26b24b2291c99bed8bbf65f4e5
  languageName: node
  linkType: hard

"@polkadot/rpc-provider@npm:10.9.1":
  version: 10.9.1
  resolution: "@polkadot/rpc-provider@npm:10.9.1"
  dependencies:
    "@polkadot/keyring": "npm:^12.3.1"
    "@polkadot/types": "npm:10.9.1"
    "@polkadot/types-support": "npm:10.9.1"
    "@polkadot/util": "npm:^12.3.1"
    "@polkadot/util-crypto": "npm:^12.3.1"
    "@polkadot/x-fetch": "npm:^12.3.1"
    "@polkadot/x-global": "npm:^12.3.1"
    "@polkadot/x-ws": "npm:^12.3.1"
    "@substrate/connect": "npm:0.7.26"
    eventemitter3: "npm:^5.0.1"
    mock-socket: "npm:^9.2.1"
    nock: "npm:^13.3.1"
    tslib: "npm:^2.5.3"
  dependenciesMeta:
    "@substrate/connect":
      optional: true
  checksum: abeaa3f600b48f60b56ca475212a2ca24fbd9ff4e26b97aa1e21274c8165fbd0a1031bc25575a5730f753c49fe13bd0722a86a797c7da14dc9a635dd96b7a11d
  languageName: node
  linkType: hard

"@polkadot/types-augment@npm:10.9.1":
  version: 10.9.1
  resolution: "@polkadot/types-augment@npm:10.9.1"
  dependencies:
    "@polkadot/types": "npm:10.9.1"
    "@polkadot/types-codec": "npm:10.9.1"
    "@polkadot/util": "npm:^12.3.1"
    tslib: "npm:^2.5.3"
  checksum: 63a5820da54a7331d82cf47686e39064a9814cb4bc3261f3491666c70ad95b3fbfeb54406ecacdd4845ec85de457c3073729334fd108c5b1e585d7bf8a03d135
  languageName: node
  linkType: hard

"@polkadot/types-codec@npm:10.9.1, @polkadot/types-codec@npm:^10.9.1":
  version: 10.9.1
  resolution: "@polkadot/types-codec@npm:10.9.1"
  dependencies:
    "@polkadot/util": "npm:^12.3.1"
    "@polkadot/x-bigint": "npm:^12.3.1"
    tslib: "npm:^2.5.3"
  checksum: 893989a818ed2f7497469e88007fbe7cb9ffe05bd86194fc36f00ecb6537a11da4e6100842cc71c7df50e613adbeb7b11af0f8be7e218054fe76f28a678bd3f8
  languageName: node
  linkType: hard

"@polkadot/types-create@npm:10.9.1":
  version: 10.9.1
  resolution: "@polkadot/types-create@npm:10.9.1"
  dependencies:
    "@polkadot/types-codec": "npm:10.9.1"
    "@polkadot/util": "npm:^12.3.1"
    tslib: "npm:^2.5.3"
  checksum: 8af99ea6acfd740a38c3f7eac630524c9e559cce5989adf49528a1c4f1683cb786619ebff1fc2114cc2818230a3a6bc4dc358861625fd2e928f37f47773af778
  languageName: node
  linkType: hard

"@polkadot/types-known@npm:10.9.1":
  version: 10.9.1
  resolution: "@polkadot/types-known@npm:10.9.1"
  dependencies:
    "@polkadot/networks": "npm:^12.3.1"
    "@polkadot/types": "npm:10.9.1"
    "@polkadot/types-codec": "npm:10.9.1"
    "@polkadot/types-create": "npm:10.9.1"
    "@polkadot/util": "npm:^12.3.1"
    tslib: "npm:^2.5.3"
  checksum: 92bf495245c72877baa1b4b60763dc7c94e7146e79311138cf8e9371b36768f77f5c937b3cf07a610e210461268254ec287554cc8bc0caa32cf4ab2ca4dcf068
  languageName: node
  linkType: hard

"@polkadot/types-support@npm:10.9.1":
  version: 10.9.1
  resolution: "@polkadot/types-support@npm:10.9.1"
  dependencies:
    "@polkadot/util": "npm:^12.3.1"
    tslib: "npm:^2.5.3"
  checksum: 18252e3e395c5f78fe47abb230034c9ba4e291f4c019105287c994519d9f44e55812c80ae71097f0d921f28ee43ffabbdf637024934d030a189972ad6da075ce
  languageName: node
  linkType: hard

"@polkadot/types@npm:10.9.1, @polkadot/types@npm:^10.9.1":
  version: 10.9.1
  resolution: "@polkadot/types@npm:10.9.1"
  dependencies:
    "@polkadot/keyring": "npm:^12.3.1"
    "@polkadot/types-augment": "npm:10.9.1"
    "@polkadot/types-codec": "npm:10.9.1"
    "@polkadot/types-create": "npm:10.9.1"
    "@polkadot/util": "npm:^12.3.1"
    "@polkadot/util-crypto": "npm:^12.3.1"
    rxjs: "npm:^7.8.1"
    tslib: "npm:^2.5.3"
  checksum: a668996ab11d882bb8580133d35634f3717b83d57bb7065a6a9d52c0717c0aa2dd427208b382b1206b9cb536d9f2fdd1f0e933cb65af2f5b135b33cc416677ab
  languageName: node
  linkType: hard

"@polkadot/util-crypto@npm:12.3.2, @polkadot/util-crypto@npm:^12.3.1, @polkadot/util-crypto@npm:^12.3.2":
  version: 12.3.2
  resolution: "@polkadot/util-crypto@npm:12.3.2"
  dependencies:
    "@noble/curves": "npm:1.1.0"
    "@noble/hashes": "npm:1.3.1"
    "@polkadot/networks": "npm:12.3.2"
    "@polkadot/util": "npm:12.3.2"
    "@polkadot/wasm-crypto": "npm:^7.2.1"
    "@polkadot/wasm-util": "npm:^7.2.1"
    "@polkadot/x-bigint": "npm:12.3.2"
    "@polkadot/x-randomvalues": "npm:12.3.2"
    "@scure/base": "npm:1.1.1"
    tslib: "npm:^2.5.3"
  peerDependencies:
    "@polkadot/util": 12.3.2
  checksum: 190a66e475a1b5dd55ab066d7d9efc8eb757c3d576359a10dcecfb5204814b369b2c7d9a9f87d62574c4a73b397f93e80022df716bc7ef06d9e4b3622a974f8c
  languageName: node
  linkType: hard

"@polkadot/util@npm:12.3.2, @polkadot/util@npm:^12.3.1, @polkadot/util@npm:^12.3.2":
  version: 12.3.2
  resolution: "@polkadot/util@npm:12.3.2"
  dependencies:
    "@polkadot/x-bigint": "npm:12.3.2"
    "@polkadot/x-global": "npm:12.3.2"
    "@polkadot/x-textdecoder": "npm:12.3.2"
    "@polkadot/x-textencoder": "npm:12.3.2"
    "@types/bn.js": "npm:^5.1.1"
    bn.js: "npm:^5.2.1"
    tslib: "npm:^2.5.3"
  checksum: 0dce544b27ffca66d15c4a9b079cce144b97b99c8aabd87f7e7c9881fb11f2dcd0d29f35ff6fba0f4599109643ee47eacd693c2dd8b3fce6723d6a594aa7c27d
  languageName: node
  linkType: hard

"@polkadot/wasm-bridge@npm:7.2.1":
  version: 7.2.1
  resolution: "@polkadot/wasm-bridge@npm:7.2.1"
  dependencies:
    "@polkadot/wasm-util": "npm:7.2.1"
    tslib: "npm:^2.5.0"
  peerDependencies:
    "@polkadot/util": "*"
    "@polkadot/x-randomvalues": "*"
  checksum: 610538647d8d83f341a7cd8d022bc0e6a6c11cfc9d7e31260ac872c24a17d8717e8a28248a2528b882bdd256d197f070f37ab153567630125525302e4d4fbde9
  languageName: node
  linkType: hard

"@polkadot/wasm-crypto-asmjs@npm:7.2.1":
  version: 7.2.1
  resolution: "@polkadot/wasm-crypto-asmjs@npm:7.2.1"
  dependencies:
    tslib: "npm:^2.5.0"
  peerDependencies:
    "@polkadot/util": "*"
  checksum: 4b31dd58a8ca086397f58cb37ea7b4113a4ce78039c8aff196e801034808ee7dbc66616d5c53659352dd45cda7b01afcf96700c1154db8a64c1295c9bb18de46
  languageName: node
  linkType: hard

"@polkadot/wasm-crypto-init@npm:7.2.1":
  version: 7.2.1
  resolution: "@polkadot/wasm-crypto-init@npm:7.2.1"
  dependencies:
    "@polkadot/wasm-bridge": "npm:7.2.1"
    "@polkadot/wasm-crypto-asmjs": "npm:7.2.1"
    "@polkadot/wasm-crypto-wasm": "npm:7.2.1"
    "@polkadot/wasm-util": "npm:7.2.1"
    tslib: "npm:^2.5.0"
  peerDependencies:
    "@polkadot/util": "*"
    "@polkadot/x-randomvalues": "*"
  checksum: 84de57a8ba7a0ba2745b270bf4c4497cc3104eb46f97086a7d97457527a193fbe5c8dee9994ee069d73699b12e2e038eef9548715f5e0eaa61a125d9355d2e82
  languageName: node
  linkType: hard

"@polkadot/wasm-crypto-wasm@npm:7.2.1":
  version: 7.2.1
  resolution: "@polkadot/wasm-crypto-wasm@npm:7.2.1"
  dependencies:
    "@polkadot/wasm-util": "npm:7.2.1"
    tslib: "npm:^2.5.0"
  peerDependencies:
    "@polkadot/util": "*"
  checksum: 62d095faaaa7eb7eb6f1e712ef626a537f3e9bdde2887622bd7356976200be3fbd81b75e8eb42e61cc90672276133629ec11c8e18158bf25a9c9e867eea249e5
  languageName: node
  linkType: hard

"@polkadot/wasm-crypto@npm:^7.2.1":
  version: 7.2.1
  resolution: "@polkadot/wasm-crypto@npm:7.2.1"
  dependencies:
    "@polkadot/wasm-bridge": "npm:7.2.1"
    "@polkadot/wasm-crypto-asmjs": "npm:7.2.1"
    "@polkadot/wasm-crypto-init": "npm:7.2.1"
    "@polkadot/wasm-crypto-wasm": "npm:7.2.1"
    "@polkadot/wasm-util": "npm:7.2.1"
    tslib: "npm:^2.5.0"
  peerDependencies:
    "@polkadot/util": "*"
    "@polkadot/x-randomvalues": "*"
  checksum: cb14ff7df865daf2e6c4ab081e27e910a037ce75ca205dc1f05ee25c48abaf70a501737232c0b2649e13a44cbd2a32d8abf8f90eab72fcd267fbfeee49691a82
  languageName: node
  linkType: hard

"@polkadot/wasm-util@npm:7.2.1, @polkadot/wasm-util@npm:^7.2.1":
  version: 7.2.1
  resolution: "@polkadot/wasm-util@npm:7.2.1"
  dependencies:
    tslib: "npm:^2.5.0"
  peerDependencies:
    "@polkadot/util": "*"
  checksum: 894685a2e6cb06d545ccb051de8e65fb7581d976f54e978237e63bbced362e7eacabd77979bdfee7a95adc1cf66233500f33fce2d42b163419650f1267f085ef
  languageName: node
  linkType: hard

"@polkadot/x-bigint@npm:12.3.2, @polkadot/x-bigint@npm:^12.3.1":
  version: 12.3.2
  resolution: "@polkadot/x-bigint@npm:12.3.2"
  dependencies:
    "@polkadot/x-global": "npm:12.3.2"
    tslib: "npm:^2.5.3"
  checksum: cc578d08cb1ccde44f565118c7d18e20f5dab979a4997deea7e6d128d64622f21cba2457564511927293e9d9d9a9f0538afaf7e5fa8460b9ac46b8233cc0ff4f
  languageName: node
  linkType: hard

"@polkadot/x-fetch@npm:^12.3.1":
  version: 12.3.2
  resolution: "@polkadot/x-fetch@npm:12.3.2"
  dependencies:
    "@polkadot/x-global": "npm:12.3.2"
    node-fetch: "npm:^3.3.1"
    tslib: "npm:^2.5.3"
  checksum: 718850c150e7da809c11b838fce4309c432f5848c3917c933d7dcc407c280c1726210bff66057d716d60d57da5afc4fd3da38968da5c10fe4e472fdca54e10ad
  languageName: node
  linkType: hard

"@polkadot/x-global@npm:12.3.2, @polkadot/x-global@npm:^12.3.1":
  version: 12.3.2
  resolution: "@polkadot/x-global@npm:12.3.2"
  dependencies:
    tslib: "npm:^2.5.3"
  checksum: 6034bf1a849c7c484a4b7ed0b51dc236113cc3fe58cfca7d68bdf5ca5800af9b5894601fb4530665f69d0ba8090cc99e71fa23427661bdd4495d7ec6daf69b0f
  languageName: node
  linkType: hard

"@polkadot/x-randomvalues@npm:12.3.2":
  version: 12.3.2
  resolution: "@polkadot/x-randomvalues@npm:12.3.2"
  dependencies:
    "@polkadot/x-global": "npm:12.3.2"
    tslib: "npm:^2.5.3"
  peerDependencies:
    "@polkadot/util": 12.3.2
    "@polkadot/wasm-util": "*"
  checksum: 22f681bf3e3c3550ddfb0ea66d4d68c4e2b6c18e28442a974171ed155dc7c72ee03b291ff094246c271060dde509a76095f4a1636da0fe1baa9750ab39085e89
  languageName: node
  linkType: hard

"@polkadot/x-textdecoder@npm:12.3.2":
  version: 12.3.2
  resolution: "@polkadot/x-textdecoder@npm:12.3.2"
  dependencies:
    "@polkadot/x-global": "npm:12.3.2"
    tslib: "npm:^2.5.3"
  checksum: 9a6f551c391d335860f9e5bec1a5b76d820b900e07c8ee6a039cc3837ca96938bd214fa98a90971730de7718bb37d3385448070c4a3d4c2359d9f6023b0eb88e
  languageName: node
  linkType: hard

"@polkadot/x-textencoder@npm:12.3.2":
  version: 12.3.2
  resolution: "@polkadot/x-textencoder@npm:12.3.2"
  dependencies:
    "@polkadot/x-global": "npm:12.3.2"
    tslib: "npm:^2.5.3"
  checksum: c7cb06dd96a432245c2b88a8c6f15dafe1b3e6885c5de4ad4a4387b38de6440ff06eb4b3accbf4aef4416adf80f0dabdf0fcda701690b59436481d33bfcc9cc6
  languageName: node
  linkType: hard

"@polkadot/x-ws@npm:^12.3.1":
  version: 12.3.2
  resolution: "@polkadot/x-ws@npm:12.3.2"
  dependencies:
    "@polkadot/x-global": "npm:12.3.2"
    tslib: "npm:^2.5.3"
    ws: "npm:^8.13.0"
  checksum: 6b93f99adfd700e68c8e2ab384e56973296a80dd267efd225f4e4612d1d1f5e61c3fb8e00ae13d71f31f0058028bf5c372fbd82a5d8709137552bc8b350f462e
  languageName: node
  linkType: hard

"@scure/base@npm:1.1.1":
  version: 1.1.1
  resolution: "@scure/base@npm:1.1.1"
  checksum: 660e4a6c9ad3104c05c8bb3dd4c9f19a0ec1a6d45d68c3e7f418414660e13fe7d389201f347c1a1eefb19ec10ef09e32920e503f48d85b445aa8d43f419907bd
  languageName: node
  linkType: hard

"@substrate/connect-extension-protocol@npm:^1.0.1":
  version: 1.0.1
  resolution: "@substrate/connect-extension-protocol@npm:1.0.1"
  checksum: 98cafb88174b62c2bdc916e20377edb87c617edd08a38dacfa594391f86055d4c96315b8a0c41acd6b8b96249f3bf383d99a636c1a496a75e25f119beb0234cb
  languageName: node
  linkType: hard

"@substrate/connect@npm:0.7.26":
  version: 0.7.26
  resolution: "@substrate/connect@npm:0.7.26"
  dependencies:
    "@substrate/connect-extension-protocol": "npm:^1.0.1"
    eventemitter3: "npm:^4.0.7"
    smoldot: "npm:1.0.4"
  checksum: 05d4b5735c8cc6d76db70e59341134aec18adb6cf4bb2715acd89df91d3665630736028d64468a981051afe1cedb06b7884fd2862b47b9b7149ae50b9193cb0b
  languageName: node
  linkType: hard

"@substrate/ss58-registry@npm:^1.40.0":
  version: 1.40.0
  resolution: "@substrate/ss58-registry@npm:1.40.0"
  checksum: 0af5496aae1f6216b0fbb59d3fc2ba50f0b23e4542aa742cdc9bab3c2433ae08347e3bfba42f42921f886015e8a4ab092da5d1f1ab4ae1e7c55159fa508a7e03
  languageName: node
  linkType: hard

"@tsconfig/node10@npm:^1.0.7":
  version: 1.0.9
  resolution: "@tsconfig/node10@npm:1.0.9"
  checksum: 6ec0cadbcd7942f64b5d00c4b19ff783410a5f1511c1feefa8e99b5df1e57776c4f2ce058870c9d982a4ca460051dbd2a5e57d11989aab40f6c68e98c92b6d14
  languageName: node
  linkType: hard

"@tsconfig/node12@npm:^1.0.7":
  version: 1.0.11
  resolution: "@tsconfig/node12@npm:1.0.11"
  checksum: 2ba331a89b6778df0fb49ab0ba3e809c0a0d5ca3d9f898ba4a0a276043616b6047aec5dd4a5d1ae9a09ff267bcddbbc96d968857e6690583fd474a58c25c2e1c
  languageName: node
  linkType: hard

"@tsconfig/node14@npm:^1.0.0":
  version: 1.0.3
  resolution: "@tsconfig/node14@npm:1.0.3"
  checksum: 8d04150cdfbe5b89be095586bfa35415800b694f9955274df16b1017e1cef9697467185b3f7c64ed588a7e8d48ff6f4cc3125c8265b5e3d4f757884dcc6facbc
  languageName: node
  linkType: hard

"@tsconfig/node16@npm:^1.0.2, @tsconfig/node16@npm:^1.0.4":
  version: 1.0.4
  resolution: "@tsconfig/node16@npm:1.0.4"
  checksum: d75e4f7d3edd74305383430d1fc9fd9bdf9af7fb2387853e6c06660a5325da6bce90846b853f5c69ec70b4e34de9ab05d508c9dc11c95a28ebbb000fc52b963b
  languageName: node
  linkType: hard

"@types/blake2b@npm:^2.1.0":
  version: 2.1.0
  resolution: "@types/blake2b@npm:2.1.0"
  checksum: ef01cc455c44e833b8949887bceb15dc18252f5130eb4c9dc18b7fb524047001863131040c9af11024be9974f7d295710a75a18c9ed6f4126fde9e7d10ac44cb
  languageName: node
  linkType: hard

"@types/bn.js@npm:^5.1.1":
  version: 5.1.1
  resolution: "@types/bn.js@npm:5.1.1"
  dependencies:
    "@types/node": "npm:*"
  checksum: 06ea38666cacf96b2055aa97e29c271912ee872f9f3f35d6dca609f06104a27350410364603dbf1dffde93e2220b89f563631a827d133a181860f10a17098603
  languageName: node
  linkType: hard

"@types/node@npm:*, @types/node@npm:^20.3.1":
  version: 20.3.1
  resolution: "@types/node@npm:20.3.1"
  checksum: 262e63e934b31335efdd0cb9c6b46e20c0bfa826952f670596ca8621d21d29382ff701e1afdd83f43eff06b42f43a054617ed835b074fb56f61bf1150e9711d5
  languageName: node
  linkType: hard

"acorn-walk@npm:^8.1.1":
  version: 8.2.0
  resolution: "acorn-walk@npm:8.2.0"
  checksum: 389d3f19998ac0924a590485a6502b72059e3ab67cc820477c2c40cca06b6c50bb8d424bfbb8fe97955eb489b88cb5dc7ee6979fcf9321dce7eb451ba3456d3d
  languageName: node
  linkType: hard

"acorn@npm:^8.4.1":
  version: 8.8.2
  resolution: "acorn@npm:8.8.2"
  bin:
    acorn: bin/acorn
  checksum: 5a47325f0aa08202080cb167d5b8103720d8a1d199f57988afa48bdfbc3c9973270b00e38c2c874240a49929625beaaae8c4ec683f5272b5f07f1119a457e5d0
  languageName: node
  linkType: hard

"arg@npm:^4.1.0":
  version: 4.1.3
  resolution: "arg@npm:4.1.3"
  checksum: a60e3881540ab44af1058bf3c9bdbcdd45a82cb930299ae875e609b60b44435410d152b26d55816e8ef2cf1096cfa39271f5b1bd3dd931355f3f24f043dc7ca5
  languageName: node
  linkType: hard

"b4a@npm:^1.0.1":
  version: 1.6.4
  resolution: "b4a@npm:1.6.4"
  checksum: 472f0aa57a5e2c390ff58bf8fa0eaa87cdf240757ffae308a67416792b9775e7b17347a10c58df7dae581c43ed6700d7d2f2d367b645e4e99749fc55014322d3
  languageName: node
  linkType: hard

"blake2b-wasm@npm:^2.4.0":
  version: 2.4.0
  resolution: "blake2b-wasm@npm:2.4.0"
  dependencies:
    b4a: "npm:^1.0.1"
    nanoassert: "npm:^2.0.0"
  checksum: c8bb7d39ae11c5eae38c5c1e1475f5a144af523160047a9e4ba7945772b46b7648b2db99f5c56bbb9f38204f577f0be68bddf6043f8a52e0b5503b99b8ef87b3
  languageName: node
  linkType: hard

"blake2b@npm:^2.1.4":
  version: 2.1.4
  resolution: "blake2b@npm:2.1.4"
  dependencies:
    blake2b-wasm: "npm:^2.4.0"
    nanoassert: "npm:^2.0.0"
  checksum: 724650b9572b3e9a9c3aa80e92994c624f93a9882fc95b90c78b884ccd2be10254c0f68f59ceaaa08487d67c474cf74a028aea5f9109deef95f36ceb7c16b11a
  languageName: node
  linkType: hard

"bn.js@npm:^5.2.1":
  version: 5.2.1
  resolution: "bn.js@npm:5.2.1"
  checksum: 0c272b6eeda35a4d2a3bcf5f0cae54080eb876f5aa10789f67322ad891a27dc99f179b4362e1b5fc2e42c408fd8e0014afed4fdf30e4f346561302ea588fd095
  languageName: node
  linkType: hard

"create-require@npm:^1.1.0":
  version: 1.1.1
  resolution: "create-require@npm:1.1.1"
  checksum: 9db2a6d1a6e69929e4b18045910289a17543f9f07ba4d6027e9c3fdc4c985998cd4b6738a45675ab870287483832332d5aa75a1612c87230149d1fba568ae86a
  languageName: node
  linkType: hard

"data-uri-to-buffer@npm:^4.0.0":
  version: 4.0.1
  resolution: "data-uri-to-buffer@npm:4.0.1"
  checksum: 4398e0c9ca2073b89c0c6f90ffe5044e9193966f3f734b8492237d8dcd1305c77e08d964922da6e5bde9e380eddbde1c110340d7fbb34dcbdfeea35c45383211
  languageName: node
  linkType: hard

"debug@npm:^4.1.0":
  version: 4.3.4
  resolution: "debug@npm:4.3.4"
  dependencies:
    ms: "npm:2.1.2"
  peerDependenciesMeta:
    supports-color:
      optional: true
  checksum: ab50d98b6f2a0e803379e8f789017f4215efd0e085774623e462c691e9f99bfd359a35f7424ff401da3ea58b31f89ceebc9ea35779b4a94f78b0ee3e235b6640
  languageName: node
  linkType: hard

"diff@npm:^4.0.1":
  version: 4.0.2
  resolution: "diff@npm:4.0.2"
  checksum: 1b445113c0727e15646a058b2794df63366bd1e32abf078990b78c2a355fe72e4e3c8de3399f2c5d67f06cd461acdebd91b5f71cb2cd02f7300bdb926a3cd6e2
  languageName: node
  linkType: hard

"eventemitter3@npm:^4.0.7":
  version: 4.0.7
  resolution: "eventemitter3@npm:4.0.7"
  checksum: e6ecb1ac2fee59b0ba0e778564cec0a1fe0631f28a50f24aa0e7ba367e718c5f9b23156fb2c1d238bcebe7923dfff37a63c39b519121a47c7bf78c38c96febd8
  languageName: node
  linkType: hard

"eventemitter3@npm:^5.0.1":
  version: 5.0.1
  resolution: "eventemitter3@npm:5.0.1"
  checksum: 3c7f3864e4bd8b23574595c43fda88ac8b5798a6bd6f57788c2cf7fa5a09e11c7c6161da6d263f2c40bcbca58bc69914ee2bbf684eccf73d671b12f002f44ce6
  languageName: node
  linkType: hard

"fetch-blob@npm:^3.1.2, fetch-blob@npm:^3.1.4":
  version: 3.2.0
  resolution: "fetch-blob@npm:3.2.0"
  dependencies:
    node-domexception: "npm:^1.0.0"
    web-streams-polyfill: "npm:^3.0.3"
  checksum: 114f3d29d46bf029fdc4753b3688295e9a917f37c81c124b3fcad7388ecffe234c29cd48259bed2319ca25aaf105ffd96a3e369c3ad1bcca5f94f410876f5b0d
  languageName: node
  linkType: hard

"formdata-polyfill@npm:^4.0.10":
  version: 4.0.10
  resolution: "formdata-polyfill@npm:4.0.10"
  dependencies:
    fetch-blob: "npm:^3.1.2"
  checksum: 8954f9e756728f96239da0b07b2651193ebad3be58c7c9b114c3982982861d8bbd820497926b1d5018e5a57281af86693471672ed7c6c26860910c5597d5fc9d
  languageName: node
  linkType: hard

"json-stringify-safe@npm:^5.0.1":
  version: 5.0.1
  resolution: "json-stringify-safe@npm:5.0.1"
  checksum: e86f7bb748bb84f73b171bb68c8209a1e68f40d41f943952f746fa4ca3802c1edf4602e86977c2de44eba1e64e4cabe2498f4499003cc471e99db83bfba95898
  languageName: node
  linkType: hard

"lodash@npm:^4.17.21":
  version: 4.17.21
  resolution: "lodash@npm:4.17.21"
  checksum: 3ac18e92108d68f88429fcddee609e42cf2b653583d9bac22308815a4cd6b185b89a0ad0d9b0c670c371d9d6b61571a98fee6b36e1db14e52766ca253ed9cba0
  languageName: node
  linkType: hard

"make-error@npm:^1.1.1":
  version: 1.3.6
  resolution: "make-error@npm:1.3.6"
  checksum: 4b81ce1392495d554ce5fd28c8de95066642e5e1a5efd395e3b3413bc75068a025d8a567aefb0738ba6da18e73323ffde17794780f632fe4395e009aa9ebcc8a
  languageName: node
  linkType: hard

"mock-socket@npm:^9.2.1":
  version: 9.2.1
  resolution: "mock-socket@npm:9.2.1"
  checksum: 7f3a5872dd02ee415db62b1e6d90b0bf5e8e35477eb611f7c78b270fef0cc0de054a2e21306c746475aad99e04ea0e0fd6d4ebfb3040d246d77a1066cd392a3d
  languageName: node
  linkType: hard

"ms@npm:2.1.2":
  version: 2.1.2
  resolution: "ms@npm:2.1.2"
  checksum: 3f46af60a08158f1c77746c06c2f6c7aba7feddafd41335f9baa2d7e0741d7539774aa7d5d1661a7f2b7eed55a7063771297eea016051924dbb04d4c2bf40bcb
  languageName: node
  linkType: hard

"nanoassert@npm:^2.0.0":
  version: 2.0.0
  resolution: "nanoassert@npm:2.0.0"
  checksum: bc379704189c655784ad74beba6012fc66f25da6c8033453a44899835b8878e76be58ade50f91841afb4cfe2a4e5ddb05d2cf9eb72aae31cdc5a7f7c77b61101
  languageName: node
  linkType: hard

"nock@npm:^13.3.1":
  version: 13.3.1
  resolution: "nock@npm:13.3.1"
  dependencies:
    debug: "npm:^4.1.0"
    json-stringify-safe: "npm:^5.0.1"
    lodash: "npm:^4.17.21"
    propagate: "npm:^2.0.0"
  checksum: ff192100eb832d3c97f5b3317ad02331d0ea1f38b5c68ba93968ee48b481cf28a286a0b3e5a1e530f5c00ad66f7993a6fb2123e8d1cce1c28254e538ee5db9cf
  languageName: node
  linkType: hard

"node-domexception@npm:^1.0.0":
  version: 1.0.0
  resolution: "node-domexception@npm:1.0.0"
  checksum: 7b65cf4b5e9545fbf17d8fd969952f71074048ff6f5c94d4ba9b98f1aee84ca9c5ec12e0eb7d5db0b6ad199c8c8c100056ef36c1145eabb542d910159c034bb7
  languageName: node
  linkType: hard

"node-fetch@npm:^3.3.1":
  version: 3.3.1
  resolution: "node-fetch@npm:3.3.1"
  dependencies:
    data-uri-to-buffer: "npm:^4.0.0"
    fetch-blob: "npm:^3.1.4"
    formdata-polyfill: "npm:^4.0.10"
  checksum: 1d0c635bdff0da737610fe4e8382f01da15402a47e74cf709cc9cb9633c2843215dd167d5fbcb827b966554bc9fdd5134e54eeb54896a75026850c59b1701c0c
  languageName: node
  linkType: hard

"pako@npm:^2.0.4":
  version: 2.1.0
  resolution: "pako@npm:2.1.0"
  checksum: b355836dead8b796347a6662fbc1bf7fe2dbb101b6d0ca9fcbb5fed6dba13ad3909d0e4f952574d1fdad6409e3c55f0967b97a443b9adc1ab2b441324501fdd1
  languageName: node
  linkType: hard

"propagate@npm:^2.0.0":
  version: 2.0.1
  resolution: "propagate@npm:2.0.1"
  checksum: b4270c6a40e084f0324adb178e34fb07073142aec8c879ffe404c7b830de9e1bba23999ecb7665f12f3df801e8cd9bed5cf62c304017ff1d441c5403095b297d
  languageName: node
  linkType: hard

"rxjs@npm:^7.8.1":
  version: 7.8.1
  resolution: "rxjs@npm:7.8.1"
  dependencies:
    tslib: "npm:^2.1.0"
  checksum: d7daafba4296c4360b19bdff02d24e2f8acc7731605b0d99a0c920373d0af995bcb6b3c58c211e02db50aabddd9e854250a195f87ed193b56e79f245494774f5
  languageName: node
  linkType: hard

"smoldot@npm:1.0.4":
  version: 1.0.4
  resolution: "smoldot@npm:1.0.4"
  dependencies:
    pako: "npm:^2.0.4"
    ws: "npm:^8.8.1"
  checksum: e31345a7a709680bd1c254e0fc7efc44b4d10606d32becaf23013154cfe488191379b65da9fe2c081dd817d2d85d88aca4a272ddfc65ad8797e1a633d3048607
  languageName: node
  linkType: hard

"ts-node@npm:^10.9.1":
  version: 10.9.1
  resolution: "ts-node@npm:10.9.1"
  dependencies:
    "@cspotcode/source-map-support": "npm:^0.8.0"
    "@tsconfig/node10": "npm:^1.0.7"
    "@tsconfig/node12": "npm:^1.0.7"
    "@tsconfig/node14": "npm:^1.0.0"
    "@tsconfig/node16": "npm:^1.0.2"
    acorn: "npm:^8.4.1"
    acorn-walk: "npm:^8.1.1"
    arg: "npm:^4.1.0"
    create-require: "npm:^1.1.0"
    diff: "npm:^4.0.1"
    make-error: "npm:^1.1.1"
    v8-compile-cache-lib: "npm:^3.0.1"
    yn: "npm:3.1.1"
  peerDependencies:
    "@swc/core": ">=1.2.50"
    "@swc/wasm": ">=1.2.50"
    "@types/node": "*"
    typescript: ">=2.7"
  peerDependenciesMeta:
    "@swc/core":
      optional: true
    "@swc/wasm":
      optional: true
  bin:
    ts-node: dist/bin.js
    ts-node-cwd: dist/bin-cwd.js
    ts-node-esm: dist/bin-esm.js
    ts-node-script: dist/bin-script.js
    ts-node-transpile-only: dist/bin-transpile.js
    ts-script: dist/bin-script-deprecated.js
  checksum: c4caff4b9bb7a3a44adbb64a38786ce4203c2ebceb8b5373b504d0826cf047f9f23105767a3e130e2f4078629f592a8332cfd8ee1061b57b7d159de49c7d8f6f
  languageName: node
  linkType: hard

"tslib@npm:^2.1.0, tslib@npm:^2.5.0, tslib@npm:^2.5.3":
  version: 2.5.3
  resolution: "tslib@npm:2.5.3"
  checksum: d31480d5acbcb467291d548bffce51692774b831ac8ce73f9f2049ec217f3c741ed85a0c98924bd61f95633f1c48858d18aa861d754c80df3bd67effcc144a3e
  languageName: node
  linkType: hard

"v8-compile-cache-lib@npm:^3.0.1":
  version: 3.0.1
  resolution: "v8-compile-cache-lib@npm:3.0.1"
  checksum: 0ebe342e7f20816fd5d323affd77f60ea65810ef60beecafbb06397870b18b3d6cb76412721e23603f603fcf5b1f3b37e2844adf15e9b708dbd6404f01884b23
  languageName: node
  linkType: hard

"wasm-deploy@workspace:.":
  version: 0.0.0-use.local
  resolution: "wasm-deploy@workspace:."
  dependencies:
    "@openzeppelin/contracts": "npm:^4.9.2"
    "@polkadot/api": "npm:^10.9.1"
    "@polkadot/api-contract": "npm:^10.9.1"
    "@polkadot/keyring": "npm:^12.3.2"
    "@polkadot/types": "npm:^10.9.1"
    "@polkadot/types-codec": "npm:^10.9.1"
    "@polkadot/util": "npm:^12.3.2"
    "@polkadot/util-crypto": "npm:^12.3.2"
    "@tsconfig/node16": "npm:^1.0.4"
    "@types/blake2b": "npm:^2.1.0"
    "@types/node": "npm:^20.3.1"
    blake2b: "npm:^2.1.4"
    ts-node: "npm:^10.9.1"
  languageName: unknown
  linkType: soft

"web-streams-polyfill@npm:^3.0.3":
  version: 3.2.1
  resolution: "web-streams-polyfill@npm:3.2.1"
  checksum: d0b6246240d181d6e2d8de6ded04938581bc5807da33ccd6f6b4a431c1f3fa3c04ffe0dfb739c7172d1208141717b4c80e8df7b300998fa9287ddb69bbaa0c68
  languageName: node
  linkType: hard

"ws@npm:^8.13.0, ws@npm:^8.8.1":
  version: 8.13.0
  resolution: "ws@npm:8.13.0"
  peerDependencies:
    bufferutil: ^4.0.1
    utf-8-validate: ">=5.0.2"
  peerDependenciesMeta:
    bufferutil:
      optional: true
    utf-8-validate:
      optional: true
  checksum: af5cfb5a7031d1183e3c33d9ea917b2f36b127aac3ecd6a7890927fed583aa65b464242f2bd570ad83114ffefc21daf442d02a23fb9bc93a8c6a199febbd9304
  languageName: node
  linkType: hard

"yn@npm:3.1.1":
  version: 3.1.1
  resolution: "yn@npm:3.1.1"
  checksum: 890a9ce10f1f6691316f521444dcdc2d012dbfba423ec2252444dab5888def4ee48751304e51302c6d14197a1e9407256153a357c955bff1d659df592cfda456
  languageName: node
  linkType: hard
